
Microsoft Visual Studio Solution File, Format Version 12.00
# Visual Studio Version 17
VisualStudioVersion = 17.2.32616.157
MinimumVisualStudioVersion = 10.0.40219.1
Project("{2150E333-8FDC-42A3-9474-1A3956D46DE8}") = "tests", "tests", "{A1192B64-BE1A-490B-A645-5DECFC8CB2A1}"
EndProject
Project("{2150E333-8FDC-42A3-9474-1A3956D46DE8}") = "src", "src", "{CA924D37-2558-4118-B579-A81DD0360B60}"
EndProject
Project("{9A19103F-16F7-4668-BE54-9A1E7A4F7556}") = "DatesHandling.Entities", "src\DatesHandling.Entities\DatesHandling.Entities.csproj", "{016061AF-C881-472C-BA29-0145A1A005FC}"
EndProject
Project("{9A19103F-16F7-4668-BE54-9A1E7A4F7556}") = "DatesHandling.DataAccess.PostgreSql", "src\DatesHandling.DataAccess.PostgreSql\DatesHandling.DataAccess.PostgreSql.csproj", "{943F6A96-51C1-4454-81A5-EB11C0EADE55}"
EndProject
Project("{FAE04EC0-301F-11D3-BF4B-00C04F79EFBC}") = "DatesHandling.ApplicationServices", "src\DatesHandling.ApplicationServices\DatesHandling.ApplicationServices.csproj", "{71D33D39-FCA6-43BD-9E4E-DBE13C8E5B36}"
EndProject
Project("{FAE04EC0-301F-11D3-BF4B-00C04F79EFBC}") = "DatesHandling.DataAccess.Interfaces", "src\DatesHandling.DataAccess.Interfaces\DatesHandling.DataAccess.Interfaces.csproj", "{A54E9172-7E18-43F0-B92E-49C402424204}"
EndProject
Project("{FAE04EC0-301F-11D3-BF4B-00C04F79EFBC}") = "DatesHandling.ApplicationServices.Interfaces", "src\DatesHandling.ApplicationServices.Interfaces\DatesHandling.ApplicationServices.Interfaces.csproj", "{8ED2A776-B564-4A12-9E2A-FA06B12FEEB9}"
EndProject
Project("{FAE04EC0-301F-11D3-BF4B-00C04F79EFBC}") = "DatesHandling.Tests.ApplicationServices", "tests\DatesHandling.Tests.ApplicationServices\DatesHandling.Tests.ApplicationServices.csproj", "{F950A5F6-7CD4-402B-8CDB-AEDEAB38A6B3}"
EndProject
Global
	GlobalSection(SolutionConfigurationPlatforms) = preSolution
		Debug|Any CPU = Debug|Any CPU
		Release|Any CPU = Release|Any CPU
	EndGlobalSection
	GlobalSection(ProjectConfigurationPlatforms) = postSolution
		{016061AF-C881-472C-BA29-0145A1A005FC}.Debug|Any CPU.ActiveCfg = Debug|Any CPU
		{016061AF-C881-472C-BA29-0145A1A005FC}.Debug|Any CPU.Build.0 = Debug|Any CPU
		{016061AF-C881-472C-BA29-0145A1A005FC}.Release|Any CPU.ActiveCfg = Release|Any CPU
		{016061AF-C881-472C-BA29-0145A1A005FC}.Release|Any CPU.Build.0 = Release|Any CPU
		{943F6A96-51C1-4454-81A5-EB11C0EADE55}.Debug|Any CPU.ActiveCfg = Debug|Any CPU
		{943F6A96-51C1-4454-81A5-EB11C0EADE55}.Debug|Any CPU.Build.0 = Debug|Any CPU
		{943F6A96-51C1-4454-81A5-EB11C0EADE55}.Release|Any CPU.ActiveCfg = Release|Any CPU
		{943F6A96-51C1-4454-81A5-EB11C0EADE55}.Release|Any CPU.Build.0 = Release|Any CPU
		{71D33D39-FCA6-43BD-9E4E-DBE13C8E5B36}.Debug|Any CPU.ActiveCfg = Debug|Any CPU
		{71D33D39-FCA6-43BD-9E4E-DBE13C8E5B36}.Debug|Any CPU.Build.0 = Debug|Any CPU
		{71D33D39-FCA6-43BD-9E4E-DBE13C8E5B36}.Release|Any CPU.ActiveCfg = Release|Any CPU
		{71D33D39-FCA6-43BD-9E4E-DBE13C8E5B36}.Release|Any CPU.Build.0 = Release|Any CPU
		{A54E9172-7E18-43F0-B92E-49C402424204}.Debug|Any CPU.ActiveCfg = Debug|Any CPU
		{A54E9172-7E18-43F0-B92E-49C402424204}.Debug|Any CPU.Build.0 = Debug|Any CPU
		{A54E9172-7E18-43F0-B92E-49C402424204}.Release|Any CPU.ActiveCfg = Release|Any CPU
		{A54E9172-7E18-43F0-B92E-49C402424204}.Release|Any CPU.Build.0 = Release|Any CPU
		{8ED2A776-B564-4A12-9E2A-FA06B12FEEB9}.Debug|Any CPU.ActiveCfg = Debug|Any CPU
		{8ED2A776-B564-4A12-9E2A-FA06B12FEEB9}.Debug|Any CPU.Build.0 = Debug|Any CPU
		{8ED2A776-B564-4A12-9E2A-FA06B12FEEB9}.Release|Any CPU.ActiveCfg = Release|Any CPU
		{8ED2A776-B564-4A12-9E2A-FA06B12FEEB9}.Release|Any CPU.Build.0 = Release|Any CPU
		{F950A5F6-7CD4-402B-8CDB-AEDEAB38A6B3}.Debug|Any CPU.ActiveCfg = Debug|Any CPU
		{F950A5F6-7CD4-402B-8CDB-AEDEAB38A6B3}.Debug|Any CPU.Build.0 = Debug|Any CPU
		{F950A5F6-7CD4-402B-8CDB-AEDEAB38A6B3}.Release|Any CPU.ActiveCfg = Release|Any CPU
		{F950A5F6-7CD4-402B-8CDB-AEDEAB38A6B3}.Release|Any CPU.Build.0 = Release|Any CPU
	EndGlobalSection
	GlobalSection(SolutionProperties) = preSolution
		HideSolutionNode = FALSE
	EndGlobalSection
	GlobalSection(NestedProjects) = preSolution
		{016061AF-C881-472C-BA29-0145A1A005FC} = {CA924D37-2558-4118-B579-A81DD0360B60}
		{943F6A96-51C1-4454-81A5-EB11C0EADE55} = {CA924D37-2558-4118-B579-A81DD0360B60}
		{71D33D39-FCA6-43BD-9E4E-DBE13C8E5B36} = {CA924D37-2558-4118-B579-A81DD0360B60}
		{A54E9172-7E18-43F0-B92E-49C402424204} = {CA924D37-2558-4118-B579-A81DD0360B60}
		{8ED2A776-B564-4A12-9E2A-FA06B12FEEB9} = {CA924D37-2558-4118-B579-A81DD0360B60}
		{F950A5F6-7CD4-402B-8CDB-AEDEAB38A6B3} = {A1192B64-BE1A-490B-A645-5DECFC8CB2A1}
	EndGlobalSection
	GlobalSection(ExtensibilityGlobals) = postSolution
		SolutionGuid = {02FCFA92-4E17-4340-BE71-169795CB34FD}
	EndGlobalSection
EndGlobal
